// !$*UTF8*$!
{
	archiveVersion = 1;
	classes = {
	};
	objectVersion = 56;
	objects = {

/* Begin PBXBuildFile section */
		9535B4F72B5DE67000261B53 /* HomePage.swift in Sources */ = {isa = PBXBuildFile; fileRef = 9535B4F62B5DE67000261B53 /* HomePage.swift */; };
		9535B4F92B5DF22D00261B53 /* Extensions.swift in Sources */ = {isa = PBXBuildFile; fileRef = 9535B4F82B5DF22D00261B53 /* Extensions.swift */; };
		95A65DC32B6481EC00AE80E6 /* GearEntries.swift in Sources */ = {isa = PBXBuildFile; fileRef = 95A65DC22B6481EC00AE80E6 /* GearEntries.swift */; };
		95A65DC52B64869E00AE80E6 /* GearScreen.swift in Sources */ = {isa = PBXBuildFile; fileRef = 95A65DC42B64869E00AE80E6 /* GearScreen.swift */; };
		95A65DC72B64872600AE80E6 /* GearPopUp.swift in Sources */ = {isa = PBXBuildFile; fileRef = 95A65DC62B64872600AE80E6 /* GearPopUp.swift */; };
		95A65DE52B659CB700AE80E6 /* Nexa-Trial-Black.ttf in Resources */ = {isa = PBXBuildFile; fileRef = 95A65DE42B659CB700AE80E6 /* Nexa-Trial-Black.ttf */; };
		95A65DE82B659D0C00AE80E6 /* Nexa-Trial-BlackItalic.ttf in Resources */ = {isa = PBXBuildFile; fileRef = 95A65DE72B659D0C00AE80E6 /* Nexa-Trial-BlackItalic.ttf */; };
		95A65DF92B659D5400AE80E6 /* Nexa-Trial-ExtraBold.ttf in Resources */ = {isa = PBXBuildFile; fileRef = 95A65DE92B659D5300AE80E6 /* Nexa-Trial-ExtraBold.ttf */; };
		95A65DFA2B659D5400AE80E6 /* Nexa-Trial-ExtraLight.ttf in Resources */ = {isa = PBXBuildFile; fileRef = 95A65DEA2B659D5300AE80E6 /* Nexa-Trial-ExtraLight.ttf */; };
		95A65DFB2B659D5400AE80E6 /* Nexa-Trial-BookItalic.ttf in Resources */ = {isa = PBXBuildFile; fileRef = 95A65DEB2B659D5300AE80E6 /* Nexa-Trial-BookItalic.ttf */; };
		95A65DFC2B659D5400AE80E6 /* Nexa-Trial-ExtraLightItalic.ttf in Resources */ = {isa = PBXBuildFile; fileRef = 95A65DEC2B659D5300AE80E6 /* Nexa-Trial-ExtraLightItalic.ttf */; };
		95A65DFD2B659D5400AE80E6 /* Nexa-Trial-Thin.ttf in Resources */ = {isa = PBXBuildFile; fileRef = 95A65DED2B659D5300AE80E6 /* Nexa-Trial-Thin.ttf */; };
		95A65DFE2B659D5400AE80E6 /* Nexa-Trial-Heavy.ttf in Resources */ = {isa = PBXBuildFile; fileRef = 95A65DEE2B659D5300AE80E6 /* Nexa-Trial-Heavy.ttf */; };
		95A65DFF2B659D5400AE80E6 /* Nexa-Trial-HeavyItalic.ttf in Resources */ = {isa = PBXBuildFile; fileRef = 95A65DEF2B659D5300AE80E6 /* Nexa-Trial-HeavyItalic.ttf */; };
		95A65E002B659D5400AE80E6 /* Nexa-Trial-LightItalic.ttf in Resources */ = {isa = PBXBuildFile; fileRef = 95A65DF02B659D5300AE80E6 /* Nexa-Trial-LightItalic.ttf */; };
		95A65E012B659D5400AE80E6 /* Nexa-Trial-Book.ttf in Resources */ = {isa = PBXBuildFile; fileRef = 95A65DF12B659D5300AE80E6 /* Nexa-Trial-Book.ttf */; };
		95A65E022B659D5400AE80E6 /* Nexa-Trial-ThinItalic.ttf in Resources */ = {isa = PBXBuildFile; fileRef = 95A65DF22B659D5300AE80E6 /* Nexa-Trial-ThinItalic.ttf */; };
		95A65E032B659D5400AE80E6 /* Nexa-Trial-RegularItalic.ttf in Resources */ = {isa = PBXBuildFile; fileRef = 95A65DF32B659D5400AE80E6 /* Nexa-Trial-RegularItalic.ttf */; };
		95A65E042B659D5400AE80E6 /* Nexa-Trial-Regular.ttf in Resources */ = {isa = PBXBuildFile; fileRef = 95A65DF42B659D5400AE80E6 /* Nexa-Trial-Regular.ttf */; };
		95A65E052B659D5400AE80E6 /* Nexa-Trial-BoldItalic.ttf in Resources */ = {isa = PBXBuildFile; fileRef = 95A65DF52B659D5400AE80E6 /* Nexa-Trial-BoldItalic.ttf */; };
		95A65E062B659D5400AE80E6 /* Nexa-Trial-Bold.ttf in Resources */ = {isa = PBXBuildFile; fileRef = 95A65DF62B659D5400AE80E6 /* Nexa-Trial-Bold.ttf */; };
		95A65E072B659D5400AE80E6 /* Nexa-Trial-ExtraBoldItalic.ttf in Resources */ = {isa = PBXBuildFile; fileRef = 95A65DF72B659D5400AE80E6 /* Nexa-Trial-ExtraBoldItalic.ttf */; };
		95A65E082B659D5400AE80E6 /* Nexa-Trial-Light.ttf in Resources */ = {isa = PBXBuildFile; fileRef = 95A65DF82B659D5400AE80E6 /* Nexa-Trial-Light.ttf */; };
		95BB5F682B59FCA10017513F /* sportsApp.swift in Sources */ = {isa = PBXBuildFile; fileRef = 95BB5F672B59FCA10017513F /* sportsApp.swift */; };
		95BB5F6A2B59FCA10017513F /* ContentView.swift in Sources */ = {isa = PBXBuildFile; fileRef = 95BB5F692B59FCA10017513F /* ContentView.swift */; };
		95BB5F6C2B59FCA20017513F /* Assets.xcassets in Resources */ = {isa = PBXBuildFile; fileRef = 95BB5F6B2B59FCA20017513F /* Assets.xcassets */; };
		95BB5F6F2B59FCA20017513F /* Preview Assets.xcassets in Resources */ = {isa = PBXBuildFile; fileRef = 95BB5F6E2B59FCA20017513F /* Preview Assets.xcassets */; };
		95BB5F782B59FD3B0017513F /* WelcomeView.swift in Sources */ = {isa = PBXBuildFile; fileRef = 95BB5F772B59FD3B0017513F /* WelcomeView.swift */; };
		95BB5F7A2B5AEFAD0017513F /* AthleteScreen.swift in Sources */ = {isa = PBXBuildFile; fileRef = 95BB5F792B5AEFAD0017513F /* AthleteScreen.swift */; };
		95BB5F7C2B5AF3F70017513F /* AthletePopUp.swift in Sources */ = {isa = PBXBuildFile; fileRef = 95BB5F7B2B5AF3F70017513F /* AthletePopUp.swift */; };
		95BB5F802B5B2E950017513F /* Card.swift in Sources */ = {isa = PBXBuildFile; fileRef = 95BB5F7F2B5B2E950017513F /* Card.swift */; };
		95BB5F822B5B30540017513F /* AthleteEntries.swift in Sources */ = {isa = PBXBuildFile; fileRef = 95BB5F812B5B30540017513F /* AthleteEntries.swift */; };
		95BCD16A2B5C840D0067065E /* SwiftUITrackableScrollView in Frameworks */ = {isa = PBXBuildFile; productRef = 95BCD1692B5C840D0067065E /* SwiftUITrackableScrollView */; };
		95D6E55B2B5F66A300436A74 /* SportEntries.swift in Sources */ = {isa = PBXBuildFile; fileRef = 95D6E55A2B5F66A300436A74 /* SportEntries.swift */; };
		95D6E55D2B5F76BD00436A74 /* SportScreen.swift in Sources */ = {isa = PBXBuildFile; fileRef = 95D6E55C2B5F76BD00436A74 /* SportScreen.swift */; };
		95D6E55F2B5F874000436A74 /* SportPopUp.swift in Sources */ = {isa = PBXBuildFile; fileRef = 95D6E55E2B5F874000436A74 /* SportPopUp.swift */; };
		95E91A232B67800400C00BB3 /* ResponsiveView.swift in Sources */ = {isa = PBXBuildFile; fileRef = 95E91A222B67800400C00BB3 /* ResponsiveView.swift */; };
/* End PBXBuildFile section */

/* Begin PBXFileReference section */
		9535B4F62B5DE67000261B53 /* HomePage.swift */ = {isa = PBXFileReference; lastKnownFileType = sourcecode.swift; path = HomePage.swift; sourceTree = "<group>"; };
		9535B4F82B5DF22D00261B53 /* Extensions.swift */ = {isa = PBXFileReference; lastKnownFileType = sourcecode.swift; path = Extensions.swift; sourceTree = "<group>"; };
		95A65DC22B6481EC00AE80E6 /* GearEntries.swift */ = {isa = PBXFileReference; lastKnownFileType = sourcecode.swift; path = GearEntries.swift; sourceTree = "<group>"; };
		95A65DC42B64869E00AE80E6 /* GearScreen.swift */ = {isa = PBXFileReference; lastKnownFileType = sourcecode.swift; path = GearScreen.swift; sourceTree = "<group>"; };
		95A65DC62B64872600AE80E6 /* GearPopUp.swift */ = {isa = PBXFileReference; lastKnownFileType = sourcecode.swift; path = GearPopUp.swift; sourceTree = "<group>"; };
		95A65DE42B659CB700AE80E6 /* Nexa-Trial-Black.ttf */ = {isa = PBXFileReference; lastKnownFileType = file; path = "Nexa-Trial-Black.ttf"; sourceTree = "<group>"; };
		95A65DE62B659CC800AE80E6 /* Info.plist */ = {isa = PBXFileReference; lastKnownFileType = text.plist; path = Info.plist; sourceTree = "<group>"; };
		95A65DE72B659D0C00AE80E6 /* Nexa-Trial-BlackItalic.ttf */ = {isa = PBXFileReference; lastKnownFileType = file; path = "Nexa-Trial-BlackItalic.ttf"; sourceTree = "<group>"; };
		95A65DE92B659D5300AE80E6 /* Nexa-Trial-ExtraBold.ttf */ = {isa = PBXFileReference; lastKnownFileType = file; path = "Nexa-Trial-ExtraBold.ttf"; sourceTree = "<group>"; };
		95A65DEA2B659D5300AE80E6 /* Nexa-Trial-ExtraLight.ttf */ = {isa = PBXFileReference; lastKnownFileType = file; path = "Nexa-Trial-ExtraLight.ttf"; sourceTree = "<group>"; };
		95A65DEB2B659D5300AE80E6 /* Nexa-Trial-BookItalic.ttf */ = {isa = PBXFileReference; lastKnownFileType = file; path = "Nexa-Trial-BookItalic.ttf"; sourceTree = "<group>"; };
		95A65DEC2B659D5300AE80E6 /* Nexa-Trial-ExtraLightItalic.ttf */ = {isa = PBXFileReference; lastKnownFileType = file; path = "Nexa-Trial-ExtraLightItalic.ttf"; sourceTree = "<group>"; };
		95A65DED2B659D5300AE80E6 /* Nexa-Trial-Thin.ttf */ = {isa = PBXFileReference; lastKnownFileType = file; path = "Nexa-Trial-Thin.ttf"; sourceTree = "<group>"; };
		95A65DEE2B659D5300AE80E6 /* Nexa-Trial-Heavy.ttf */ = {isa = PBXFileReference; lastKnownFileType = file; path = "Nexa-Trial-Heavy.ttf"; sourceTree = "<group>"; };
		95A65DEF2B659D5300AE80E6 /* Nexa-Trial-HeavyItalic.ttf */ = {isa = PBXFileReference; lastKnownFileType = file; path = "Nexa-Trial-HeavyItalic.ttf"; sourceTree = "<group>"; };
		95A65DF02B659D5300AE80E6 /* Nexa-Trial-LightItalic.ttf */ = {isa = PBXFileReference; lastKnownFileType = file; path = "Nexa-Trial-LightItalic.ttf"; sourceTree = "<group>"; };
		95A65DF12B659D5300AE80E6 /* Nexa-Trial-Book.ttf */ = {isa = PBXFileReference; lastKnownFileType = file; path = "Nexa-Trial-Book.ttf"; sourceTree = "<group>"; };
		95A65DF22B659D5300AE80E6 /* Nexa-Trial-ThinItalic.ttf */ = {isa = PBXFileReference; lastKnownFileType = file; path = "Nexa-Trial-ThinItalic.ttf"; sourceTree = "<group>"; };
		95A65DF32B659D5400AE80E6 /* Nexa-Trial-RegularItalic.ttf */ = {isa = PBXFileReference; lastKnownFileType = file; path = "Nexa-Trial-RegularItalic.ttf"; sourceTree = "<group>"; };
		95A65DF42B659D5400AE80E6 /* Nexa-Trial-Regular.ttf */ = {isa = PBXFileReference; lastKnownFileType = file; path = "Nexa-Trial-Regular.ttf"; sourceTree = "<group>"; };
		95A65DF52B659D5400AE80E6 /* Nexa-Trial-BoldItalic.ttf */ = {isa = PBXFileReference; lastKnownFileType = file; path = "Nexa-Trial-BoldItalic.ttf"; sourceTree = "<group>"; };
		95A65DF62B659D5400AE80E6 /* Nexa-Trial-Bold.ttf */ = {isa = PBXFileReference; lastKnownFileType = file; path = "Nexa-Trial-Bold.ttf"; sourceTree = "<group>"; };
		95A65DF72B659D5400AE80E6 /* Nexa-Trial-ExtraBoldItalic.ttf */ = {isa = PBXFileReference; lastKnownFileType = file; path = "Nexa-Trial-ExtraBoldItalic.ttf"; sourceTree = "<group>"; };
		95A65DF82B659D5400AE80E6 /* Nexa-Trial-Light.ttf */ = {isa = PBXFileReference; lastKnownFileType = file; path = "Nexa-Trial-Light.ttf"; sourceTree = "<group>"; };
		95BB5F642B59FCA10017513F /* sportsApp.app */ = {isa = PBXFileReference; explicitFileType = wrapper.application; includeInIndex = 0; path = sportsApp.app; sourceTree = BUILT_PRODUCTS_DIR; };
		95BB5F672B59FCA10017513F /* sportsApp.swift */ = {isa = PBXFileReference; lastKnownFileType = sourcecode.swift; path = sportsApp.swift; sourceTree = "<group>"; };
		95BB5F692B59FCA10017513F /* ContentView.swift */ = {isa = PBXFileReference; lastKnownFileType = sourcecode.swift; path = ContentView.swift; sourceTree = "<group>"; };
		95BB5F6B2B59FCA20017513F /* Assets.xcassets */ = {isa = PBXFileReference; lastKnownFileType = folder.assetcatalog; path = Assets.xcassets; sourceTree = "<group>"; };
		95BB5F6E2B59FCA20017513F /* Preview Assets.xcassets */ = {isa = PBXFileReference; lastKnownFileType = folder.assetcatalog; path = "Preview Assets.xcassets"; sourceTree = "<group>"; };
		95BB5F772B59FD3B0017513F /* WelcomeView.swift */ = {isa = PBXFileReference; lastKnownFileType = sourcecode.swift; path = WelcomeView.swift; sourceTree = "<group>"; };
		95BB5F792B5AEFAD0017513F /* AthleteScreen.swift */ = {isa = PBXFileReference; lastKnownFileType = sourcecode.swift; path = AthleteScreen.swift; sourceTree = "<group>"; };
		95BB5F7B2B5AF3F70017513F /* AthletePopUp.swift */ = {isa = PBXFileReference; lastKnownFileType = sourcecode.swift; path = AthletePopUp.swift; sourceTree = "<group>"; };
		95BB5F7F2B5B2E950017513F /* Card.swift */ = {isa = PBXFileReference; lastKnownFileType = sourcecode.swift; path = Card.swift; sourceTree = "<group>"; };
		95BB5F812B5B30540017513F /* AthleteEntries.swift */ = {isa = PBXFileReference; lastKnownFileType = sourcecode.swift; path = AthleteEntries.swift; sourceTree = "<group>"; };
		95D6E55A2B5F66A300436A74 /* SportEntries.swift */ = {isa = PBXFileReference; lastKnownFileType = sourcecode.swift; path = SportEntries.swift; sourceTree = "<group>"; };
		95D6E55C2B5F76BD00436A74 /* SportScreen.swift */ = {isa = PBXFileReference; lastKnownFileType = sourcecode.swift; path = SportScreen.swift; sourceTree = "<group>"; };
		95D6E55E2B5F874000436A74 /* SportPopUp.swift */ = {isa = PBXFileReference; lastKnownFileType = sourcecode.swift; path = SportPopUp.swift; sourceTree = "<group>"; };
		95E91A222B67800400C00BB3 /* ResponsiveView.swift */ = {isa = PBXFileReference; lastKnownFileType = sourcecode.swift; path = ResponsiveView.swift; sourceTree = "<group>"; };
/* End PBXFileReference section */

/* Begin PBXFrameworksBuildPhase section */
		95BB5F612B59FCA10017513F /* Frameworks */ = {
			isa = PBXFrameworksBuildPhase;
			buildActionMask = 2147483647;
			files = (
				95BCD16A2B5C840D0067065E /* SwiftUITrackableScrollView in Frameworks */,
			);
			runOnlyForDeploymentPostprocessing = 0;
		};
/* End PBXFrameworksBuildPhase section */

/* Begin PBXGroup section */
		95A65DE32B659C9F00AE80E6 /* Fonts */ = {
			isa = PBXGroup;
			children = (
				95A65DF62B659D5400AE80E6 /* Nexa-Trial-Bold.ttf */,
				95A65DF52B659D5400AE80E6 /* Nexa-Trial-BoldItalic.ttf */,
				95A65DF12B659D5300AE80E6 /* Nexa-Trial-Book.ttf */,
				95A65DEB2B659D5300AE80E6 /* Nexa-Trial-BookItalic.ttf */,
				95A65DE92B659D5300AE80E6 /* Nexa-Trial-ExtraBold.ttf */,
				95A65DF72B659D5400AE80E6 /* Nexa-Trial-ExtraBoldItalic.ttf */,
				95A65DEA2B659D5300AE80E6 /* Nexa-Trial-ExtraLight.ttf */,
				95A65DEC2B659D5300AE80E6 /* Nexa-Trial-ExtraLightItalic.ttf */,
				95A65DEE2B659D5300AE80E6 /* Nexa-Trial-Heavy.ttf */,
				95A65DEF2B659D5300AE80E6 /* Nexa-Trial-HeavyItalic.ttf */,
				95A65DF82B659D5400AE80E6 /* Nexa-Trial-Light.ttf */,
				95A65DF02B659D5300AE80E6 /* Nexa-Trial-LightItalic.ttf */,
				95A65DF42B659D5400AE80E6 /* Nexa-Trial-Regular.ttf */,
				95A65DF32B659D5400AE80E6 /* Nexa-Trial-RegularItalic.ttf */,
				95A65DED2B659D5300AE80E6 /* Nexa-Trial-Thin.ttf */,
				95A65DF22B659D5300AE80E6 /* Nexa-Trial-ThinItalic.ttf */,
				95A65DE42B659CB700AE80E6 /* Nexa-Trial-Black.ttf */,
				95A65DE72B659D0C00AE80E6 /* Nexa-Trial-BlackItalic.ttf */,
			);
			path = Fonts;
			sourceTree = "<group>";
		};
		95BB5F5B2B59FCA10017513F = {
			isa = PBXGroup;
			children = (
				95BB5F662B59FCA10017513F /* sportsApp */,
				95BB5F652B59FCA10017513F /* Products */,
			);
			sourceTree = "<group>";
		};
		95BB5F652B59FCA10017513F /* Products */ = {
			isa = PBXGroup;
			children = (
				95BB5F642B59FCA10017513F /* sportsApp.app */,
			);
			name = Products;
			sourceTree = "<group>";
		};
		95BB5F662B59FCA10017513F /* sportsApp */ = {
			isa = PBXGroup;
			children = (
				95A65DE62B659CC800AE80E6 /* Info.plist */,
				95A65DE32B659C9F00AE80E6 /* Fonts */,
				95BB5F762B59FD080017513F /* Managers */,
				95BB5F752B59FCBC0017513F /* Views */,
				95BB5F672B59FCA10017513F /* sportsApp.swift */,
				95BB5F6B2B59FCA20017513F /* Assets.xcassets */,
				95BB5F6D2B59FCA20017513F /* Preview Content */,
			);
			path = sportsApp;
			sourceTree = "<group>";
		};
		95BB5F6D2B59FCA20017513F /* Preview Content */ = {
			isa = PBXGroup;
			children = (
				95BB5F6E2B59FCA20017513F /* Preview Assets.xcassets */,
			);
			path = "Preview Content";
			sourceTree = "<group>";
		};
		95BB5F752B59FCBC0017513F /* Views */ = {
			isa = PBXGroup;
			children = (
				95D6E5602B5F8AA700436A74 /* PopUp */,
				95BB5F692B59FCA10017513F /* ContentView.swift */,
				95BB5F772B59FD3B0017513F /* WelcomeView.swift */,
				95BB5F792B5AEFAD0017513F /* AthleteScreen.swift */,
				9535B4F62B5DE67000261B53 /* HomePage.swift */,
				95D6E55C2B5F76BD00436A74 /* SportScreen.swift */,
				95A65DC42B64869E00AE80E6 /* GearScreen.swift */,
				95E91A222B67800400C00BB3 /* ResponsiveView.swift */,
			);
			path = Views;
			sourceTree = "<group>";
		};
		95BB5F762B59FD080017513F /* Managers */ = {
			isa = PBXGroup;
			children = (
				95BB5F7F2B5B2E950017513F /* Card.swift */,
				95BB5F812B5B30540017513F /* AthleteEntries.swift */,
				9535B4F82B5DF22D00261B53 /* Extensions.swift */,
				95D6E55A2B5F66A300436A74 /* SportEntries.swift */,
				95A65DC22B6481EC00AE80E6 /* GearEntries.swift */,
			);
			path = Managers;
			sourceTree = "<group>";
		};
		95D6E5602B5F8AA700436A74 /* PopUp */ = {
			isa = PBXGroup;
			children = (
				95BB5F7B2B5AF3F70017513F /* AthletePopUp.swift */,
				95A65DC62B64872600AE80E6 /* GearPopUp.swift */,
				95D6E55E2B5F874000436A74 /* SportPopUp.swift */,
			);
			path = PopUp;
			sourceTree = "<group>";
		};
/* End PBXGroup section */

/* Begin PBXNativeTarget section */
		95BB5F632B59FCA10017513F /* sportsApp */ = {
			isa = PBXNativeTarget;
			buildConfigurationList = 95BB5F722B59FCA20017513F /* Build configuration list for PBXNativeTarget "sportsApp" */;
			buildPhases = (
				95BB5F602B59FCA10017513F /* Sources */,
				95BB5F612B59FCA10017513F /* Frameworks */,
				95BB5F622B59FCA10017513F /* Resources */,
			);
			buildRules = (
			);
			dependencies = (
			);
			name = sportsApp;
			packageProductDependencies = (
				95BCD1692B5C840D0067065E /* SwiftUITrackableScrollView */,
			);
			productName = sportsApp;
			productReference = 95BB5F642B59FCA10017513F /* sportsApp.app */;
			productType = "com.apple.product-type.application";
		};
/* End PBXNativeTarget section */

/* Begin PBXProject section */
		95BB5F5C2B59FCA10017513F /* Project object */ = {
			isa = PBXProject;
			attributes = {
				BuildIndependentTargetsInParallel = 1;
				LastSwiftUpdateCheck = 1520;
				LastUpgradeCheck = 1520;
				TargetAttributes = {
					95BB5F632B59FCA10017513F = {
						CreatedOnToolsVersion = 15.2;
					};
				};
			};
			buildConfigurationList = 95BB5F5F2B59FCA10017513F /* Build configuration list for PBXProject "sportsApp" */;
			compatibilityVersion = "Xcode 14.0";
			developmentRegion = en;
			hasScannedForEncodings = 0;
			knownRegions = (
				en,
				Base,
			);
			mainGroup = 95BB5F5B2B59FCA10017513F;
			packageReferences = (
				95BCD1682B5C840D0067065E /* XCRemoteSwiftPackageReference "trackable-scroll-view" */,
			);
			productRefGroup = 95BB5F652B59FCA10017513F /* Products */;
			projectDirPath = "";
			projectRoot = "";
			targets = (
				95BB5F632B59FCA10017513F /* sportsApp */,
			);
		};
/* End PBXProject section */

/* Begin PBXResourcesBuildPhase section */
		95BB5F622B59FCA10017513F /* Resources */ = {
			isa = PBXResourcesBuildPhase;
			buildActionMask = 2147483647;
			files = (
				95A65E032B659D5400AE80E6 /* Nexa-Trial-RegularItalic.ttf in Resources */,
				95A65E022B659D5400AE80E6 /* Nexa-Trial-ThinItalic.ttf in Resources */,
				95A65E072B659D5400AE80E6 /* Nexa-Trial-ExtraBoldItalic.ttf in Resources */,
				95A65DE52B659CB700AE80E6 /* Nexa-Trial-Black.ttf in Resources */,
				95A65DFB2B659D5400AE80E6 /* Nexa-Trial-BookItalic.ttf in Resources */,
				95A65E002B659D5400AE80E6 /* Nexa-Trial-LightItalic.ttf in Resources */,
				95A65DFA2B659D5400AE80E6 /* Nexa-Trial-ExtraLight.ttf in Resources */,
				95A65E042B659D5400AE80E6 /* Nexa-Trial-Regular.ttf in Resources */,
				95A65DF92B659D5400AE80E6 /* Nexa-Trial-ExtraBold.ttf in Resources */,
				95BB5F6F2B59FCA20017513F /* Preview Assets.xcassets in Resources */,
				95A65E082B659D5400AE80E6 /* Nexa-Trial-Light.ttf in Resources */,
				95BB5F6C2B59FCA20017513F /* Assets.xcassets in Resources */,
				95A65E062B659D5400AE80E6 /* Nexa-Trial-Bold.ttf in Resources */,
				95A65DFF2B659D5400AE80E6 /* Nexa-Trial-HeavyItalic.ttf in Resources */,
				95A65DFD2B659D5400AE80E6 /* Nexa-Trial-Thin.ttf in Resources */,
				95A65E052B659D5400AE80E6 /* Nexa-Trial-BoldItalic.ttf in Resources */,
				95A65DE82B659D0C00AE80E6 /* Nexa-Trial-BlackItalic.ttf in Resources */,
				95A65DFC2B659D5400AE80E6 /* Nexa-Trial-ExtraLightItalic.ttf in Resources */,
				95A65E012B659D5400AE80E6 /* Nexa-Trial-Book.ttf in Resources */,
				95A65DFE2B659D5400AE80E6 /* Nexa-Trial-Heavy.ttf in Resources */,
			);
			runOnlyForDeploymentPostprocessing = 0;
		};
/* End PBXResourcesBuildPhase section */

/* Begin PBXSourcesBuildPhase section */
		95BB5F602B59FCA10017513F /* Sources */ = {
			isa = PBXSourcesBuildPhase;
			buildActionMask = 2147483647;
			files = (
				95BB5F7A2B5AEFAD0017513F /* AthleteScreen.swift in Sources */,
				9535B4F92B5DF22D00261B53 /* Extensions.swift in Sources */,
				95D6E55D2B5F76BD00436A74 /* SportScreen.swift in Sources */,
				95BB5F802B5B2E950017513F /* Card.swift in Sources */,
				95BB5F6A2B59FCA10017513F /* ContentView.swift in Sources */,
				95BB5F782B59FD3B0017513F /* WelcomeView.swift in Sources */,
				95D6E55B2B5F66A300436A74 /* SportEntries.swift in Sources */,
				95BB5F822B5B30540017513F /* AthleteEntries.swift in Sources */,
				95E91A232B67800400C00BB3 /* ResponsiveView.swift in Sources */,
				95BB5F7C2B5AF3F70017513F /* AthletePopUp.swift in Sources */,
				95A65DC32B6481EC00AE80E6 /* GearEntries.swift in Sources */,
				95A65DC52B64869E00AE80E6 /* GearScreen.swift in Sources */,
				95BB5F682B59FCA10017513F /* sportsApp.swift in Sources */,
				9535B4F72B5DE67000261B53 /* HomePage.swift in Sources */,
				95D6E55F2B5F874000436A74 /* SportPopUp.swift in Sources */,
				95A65DC72B64872600AE80E6 /* GearPopUp.swift in Sources */,
			);
			runOnlyForDeploymentPostprocessing = 0;
		};
/* End PBXSourcesBuildPhase section */

/* Begin XCBuildConfiguration section */
		95BB5F702B59FCA20017513F /* Debug */ = {
			isa = XCBuildConfiguration;
			buildSettings = {
				ALWAYS_SEARCH_USER_PATHS = NO;
				ASSETCATALOG_COMPILER_GENERATE_SWIFT_ASSET_SYMBOL_EXTENSIONS = YES;
				CLANG_ANALYZER_NONNULL = YES;
				CLANG_ANALYZER_NUMBER_OBJECT_CONVERSION = YES_AGGRESSIVE;
				CLANG_CXX_LANGUAGE_STANDARD = "gnu++20";
				CLANG_ENABLE_MODULES = YES;
				CLANG_ENABLE_OBJC_ARC = YES;
				CLANG_ENABLE_OBJC_WEAK = YES;
				CLANG_WARN_BLOCK_CAPTURE_AUTORELEASING = YES;
				CLANG_WARN_BOOL_CONVERSION = YES;
				CLANG_WARN_COMMA = YES;
				CLANG_WARN_CONSTANT_CONVERSION = YES;
				CLANG_WARN_DEPRECATED_OBJC_IMPLEMENTATIONS = YES;
				CLANG_WARN_DIRECT_OBJC_ISA_USAGE = YES_ERROR;
				CLANG_WARN_DOCUMENTATION_COMMENTS = YES;
				CLANG_WARN_EMPTY_BODY = YES;
				CLANG_WARN_ENUM_CONVERSION = YES;
				CLANG_WARN_INFINITE_RECURSION = YES;
				CLANG_WARN_INT_CONVERSION = YES;
				CLANG_WARN_NON_LITERAL_NULL_CONVERSION = YES;
				CLANG_WARN_OBJC_IMPLICIT_RETAIN_SELF = YES;
				CLANG_WARN_OBJC_LITERAL_CONVERSION = YES;
				CLANG_WARN_OBJC_ROOT_CLASS = YES_ERROR;
				CLANG_WARN_QUOTED_INCLUDE_IN_FRAMEWORK_HEADER = YES;
				CLANG_WARN_RANGE_LOOP_ANALYSIS = YES;
				CLANG_WARN_STRICT_PROTOTYPES = YES;
				CLANG_WARN_SUSPICIOUS_MOVE = YES;
				CLANG_WARN_UNGUARDED_AVAILABILITY = YES_AGGRESSIVE;
				CLANG_WARN_UNREACHABLE_CODE = YES;
				CLANG_WARN__DUPLICATE_METHOD_MATCH = YES;
				COPY_PHASE_STRIP = NO;
				DEBUG_INFORMATION_FORMAT = dwarf;
				ENABLE_STRICT_OBJC_MSGSEND = YES;
				ENABLE_TESTABILITY = YES;
				ENABLE_USER_SCRIPT_SANDBOXING = YES;
				GCC_C_LANGUAGE_STANDARD = gnu17;
				GCC_DYNAMIC_NO_PIC = NO;
				GCC_NO_COMMON_BLOCKS = YES;
				GCC_OPTIMIZATION_LEVEL = 0;
				GCC_PREPROCESSOR_DEFINITIONS = (
					"DEBUG=1",
					"$(inherited)",
				);
				GCC_WARN_64_TO_32_BIT_CONVERSION = YES;
				GCC_WARN_ABOUT_RETURN_TYPE = YES_ERROR;
				GCC_WARN_UNDECLARED_SELECTOR = YES;
				GCC_WARN_UNINITIALIZED_AUTOS = YES_AGGRESSIVE;
				GCC_WARN_UNUSED_FUNCTION = YES;
				GCC_WARN_UNUSED_VARIABLE = YES;
				IPHONEOS_DEPLOYMENT_TARGET = 17.2;
				LOCALIZATION_PREFERS_STRING_CATALOGS = YES;
				MTL_ENABLE_DEBUG_INFO = INCLUDE_SOURCE;
				MTL_FAST_MATH = YES;
				ONLY_ACTIVE_ARCH = YES;
				SDKROOT = iphoneos;
				SWIFT_ACTIVE_COMPILATION_CONDITIONS = "DEBUG $(inherited)";
				SWIFT_OPTIMIZATION_LEVEL = "-Onone";
			};
			name = Debug;
		};
		95BB5F712B59FCA20017513F /* Release */ = {
			isa = XCBuildConfiguration;
			buildSettings = {
				ALWAYS_SEARCH_USER_PATHS = NO;
				ASSETCATALOG_COMPILER_GENERATE_SWIFT_ASSET_SYMBOL_EXTENSIONS = YES;
				CLANG_ANALYZER_NONNULL = YES;
				CLANG_ANALYZER_NUMBER_OBJECT_CONVERSION = YES_AGGRESSIVE;
				CLANG_CXX_LANGUAGE_STANDARD = "gnu++20";
				CLANG_ENABLE_MODULES = YES;
				CLANG_ENABLE_OBJC_ARC = YES;
				CLANG_ENABLE_OBJC_WEAK = YES;
				CLANG_WARN_BLOCK_CAPTURE_AUTORELEASING = YES;
				CLANG_WARN_BOOL_CONVERSION = YES;
				CLANG_WARN_COMMA = YES;
				CLANG_WARN_CONSTANT_CONVERSION = YES;
				CLANG_WARN_DEPRECATED_OBJC_IMPLEMENTATIONS = YES;
				CLANG_WARN_DIRECT_OBJC_ISA_USAGE = YES_ERROR;
				CLANG_WARN_DOCUMENTATION_COMMENTS = YES;
				CLANG_WARN_EMPTY_BODY = YES;
				CLANG_WARN_ENUM_CONVERSION = YES;
				CLANG_WARN_INFINITE_RECURSION = YES;
				CLANG_WARN_INT_CONVERSION = YES;
				CLANG_WARN_NON_LITERAL_NULL_CONVERSION = YES;
				CLANG_WARN_OBJC_IMPLICIT_RETAIN_SELF = YES;
				CLANG_WARN_OBJC_LITERAL_CONVERSION = YES;
				CLANG_WARN_OBJC_ROOT_CLASS = YES_ERROR;
				CLANG_WARN_QUOTED_INCLUDE_IN_FRAMEWORK_HEADER = YES;
				CLANG_WARN_RANGE_LOOP_ANALYSIS = YES;
				CLANG_WARN_STRICT_PROTOTYPES = YES;
				CLANG_WARN_SUSPICIOUS_MOVE = YES;
				CLANG_WARN_UNGUARDED_AVAILABILITY = YES_AGGRESSIVE;
				CLANG_WARN_UNREACHABLE_CODE = YES;
				CLANG_WARN__DUPLICATE_METHOD_MATCH = YES;
				COPY_PHASE_STRIP = NO;
				DEBUG_INFORMATION_FORMAT = "dwarf-with-dsym";
				ENABLE_NS_ASSERTIONS = NO;
				ENABLE_STRICT_OBJC_MSGSEND = YES;
				ENABLE_USER_SCRIPT_SANDBOXING = YES;
				GCC_C_LANGUAGE_STANDARD = gnu17;
				GCC_NO_COMMON_BLOCKS = YES;
				GCC_WARN_64_TO_32_BIT_CONVERSION = YES;
				GCC_WARN_ABOUT_RETURN_TYPE = YES_ERROR;
				GCC_WARN_UNDECLARED_SELECTOR = YES;
				GCC_WARN_UNINITIALIZED_AUTOS = YES_AGGRESSIVE;
				GCC_WARN_UNUSED_FUNCTION = YES;
				GCC_WARN_UNUSED_VARIABLE = YES;
				IPHONEOS_DEPLOYMENT_TARGET = 17.2;
				LOCALIZATION_PREFERS_STRING_CATALOGS = YES;
				MTL_ENABLE_DEBUG_INFO = NO;
				MTL_FAST_MATH = YES;
				SDKROOT = iphoneos;
				SWIFT_COMPILATION_MODE = wholemodule;
				VALIDATE_PRODUCT = YES;
			};
			name = Release;
		};
		95BB5F732B59FCA20017513F /* Debug */ = {
			isa = XCBuildConfiguration;
			buildSettings = {
				ASSETCATALOG_COMPILER_APPICON_NAME = AppIcon;
				ASSETCATALOG_COMPILER_GLOBAL_ACCENT_COLOR_NAME = AccentColor;
				CODE_SIGN_STYLE = Automatic;
				CURRENT_PROJECT_VERSION = 1;
				DEVELOPMENT_ASSET_PATHS = "\"sportsApp/Preview Content\"";
				DEVELOPMENT_TEAM = 52S2TF45DB;
				ENABLE_PREVIEWS = YES;
				GENERATE_INFOPLIST_FILE = YES;
				INFOPLIST_FILE = sportsApp/Info.plist;
				INFOPLIST_KEY_UIApplicationSceneManifest_Generation = YES;
				INFOPLIST_KEY_UIApplicationSupportsIndirectInputEvents = YES;
				INFOPLIST_KEY_UILaunchScreen_Generation = YES;
				INFOPLIST_KEY_UIRequiresFullScreen = YES;
				INFOPLIST_KEY_UISupportedInterfaceOrientations = "UIInterfaceOrientationLandscapeLeft UIInterfaceOrientationLandscapeRight UIInterfaceOrientationPortrait";
				"INFOPLIST_KEY_UISupportedInterfaceOrientations[sdk=*]" = "UIInterfaceOrientationLandscapeLeft UIInterfaceOrientationLandscapeRight UIInterfaceOrientationPortrait";
				LD_RUNPATH_SEARCH_PATHS = (
					"$(inherited)",
					"@executable_path/Frameworks",
				);
				MARKETING_VERSION = 1.0;
				PRODUCT_BUNDLE_IDENTIFIER = com.alvinachow.sportsApp;
				PRODUCT_NAME = "$(TARGET_NAME)";
				SUPPORTED_PLATFORMS = "iphoneos iphonesimulator";
				SUPPORTS_MACCATALYST = NO;
				SUPPORTS_MAC_DESIGNED_FOR_IPHONE_IPAD = NO;
				SUPPORTS_XR_DESIGNED_FOR_IPHONE_IPAD = NO;
				SWIFT_EMIT_LOC_STRINGS = YES;
				SWIFT_VERSION = 5.0;
				TARGETED_DEVICE_FAMILY = "1,2";
			};
			name = Debug;
		};
		95BB5F742B59FCA20017513F /* Release */ = {
			isa = XCBuildConfiguration;
			buildSettings = {
				ASSETCATALOG_COMPILER_APPICON_NAME = AppIcon;
				ASSETCATALOG_COMPILER_GLOBAL_ACCENT_COLOR_NAME = AccentColor;
				CODE_SIGN_STYLE = Automatic;
				CURRENT_PROJECT_VERSION = 1;
				DEVELOPMENT_ASSET_PATHS = "\"sportsApp/Preview Content\"";
				DEVELOPMENT_TEAM = 52S2TF45DB;
				ENABLE_PREVIEWS = YES;
				GENERATE_INFOPLIST_FILE = YES;
				INFOPLIST_FILE = sportsApp/Info.plist;
				INFOPLIST_KEY_UIApplicationSceneManifest_Generation = YES;
				INFOPLIST_KEY_UIApplicationSupportsIndirectInputEvents = YES;
				INFOPLIST_KEY_UILaunchScreen_Generation = YES;
				INFOPLIST_KEY_UIRequiresFullScreen = YES;
				INFOPLIST_KEY_UISupportedInterfaceOrientations = "UIInterfaceOrientationLandscapeLeft UIInterfaceOrientationLandscapeRight UIInterfaceOrientationPortrait";
				LD_RUNPATH_SEARCH_PATHS = (
					"$(inherited)",
					"@executable_path/Frameworks",
				);
				MARKETING_VERSION = 1.0;
				PRODUCT_BUNDLE_IDENTIFIER = com.alvinachow.sportsApp;
				PRODUCT_NAME = "$(TARGET_NAME)";
				SUPPORTED_PLATFORMS = "iphoneos iphonesimulator";
				SUPPORTS_MACCATALYST = NO;
				SUPPORTS_MAC_DESIGNED_FOR_IPHONE_IPAD = NO;
				SUPPORTS_XR_DESIGNED_FOR_IPHONE_IPAD = NO;
				SWIFT_EMIT_LOC_STRINGS = YES;
				SWIFT_VERSION = 5.0;
				TARGETED_DEVICE_FAMILY = "1,2";
			};
			name = Release;
		};
/* End XCBuildConfiguration section */

/* Begin XCConfigurationList section */
		95BB5F5F2B59FCA10017513F /* Build configuration list for PBXProject "sportsApp" */ = {
			isa = XCConfigurationList;
			buildConfigurations = (
				95BB5F702B59FCA20017513F /* Debug */,
				95BB5F712B59FCA20017513F /* Release */,
			);
			defaultConfigurationIsVisible = 0;
			defaultConfigurationName = Release;
		};
		95BB5F722B59FCA20017513F /* Build configuration list for PBXNativeTarget "sportsApp" */ = {
			isa = XCConfigurationList;
			buildConfigurations = (
				95BB5F732B59FCA20017513F /* Debug */,
				95BB5F742B59FCA20017513F /* Release */,
			);
			defaultConfigurationIsVisible = 0;
			defaultConfigurationName = Release;
		};
/* End XCConfigurationList section */

/* Begin XCRemoteSwiftPackageReference section */
		95BCD1682B5C840D0067065E /* XCRemoteSwiftPackageReference "trackable-scroll-view" */ = {
			isa = XCRemoteSwiftPackageReference;
			repositoryURL = "https://github.com/maxnatchanon/trackable-scroll-view.git";
			requirement = {
				branch = master;
				kind = branch;
			};
		};
/* End XCRemoteSwiftPackageReference section */

/* Begin XCSwiftPackageProductDependency section */
		95BCD1692B5C840D0067065E /* SwiftUITrackableScrollView */ = {
			isa = XCSwiftPackageProductDependency;
			package = 95BCD1682B5C840D0067065E /* XCRemoteSwiftPackageReference "trackable-scroll-view" */;
			productName = SwiftUITrackableScrollView;
		};
/* End XCSwiftPackageProductDependency section */
	};
	rootObject = 95BB5F5C2B59FCA10017513F /* Project object */;
}
